
Microsoft Visual Studio Solution File, Format Version 12.00
# Visual Studio 2013
VisualStudioVersion = 12.0.31101.0
MinimumVisualStudioVersion = 10.0.40219.1
Project("{FAE04EC0-301F-11D3-BF4B-00C04F79EFBC}") = "NYCJobsWeb", "NYCJobsWeb\NYCJobsWeb.csproj", "{0380803A-C243-4F18-BD41-2C1D65296C96}"
EndProject
Project("{2150E333-8FDC-42A3-9474-1A3956D46DE8}") = "DataLoader", "DataLoader", "{DF4C2EF5-41CB-1C75-A686-226A5244593F}"
EndProject
Project("{FAE04EC0-301F-11D3-BF4B-00C04F79EFBC}") = "DataLoader", "DataLoader\DataLoader\DataLoader.csproj", "{A9942935-3CBF-4CEE-88B7-6EF577F218D3}"
EndProject
Global
	GlobalSection(SolutionConfigurationPlatforms) = preSolution
		Debug|Any CPU = Debug|Any CPU
		Debug|x64 = Debug|x64
		Debug|x86 = Debug|x86
		Release|Any CPU = Release|Any CPU
		Release|x64 = Release|x64
		Release|x86 = Release|x86
	EndGlobalSection
	GlobalSection(ProjectConfigurationPlatforms) = postSolution
		{0380803A-C243-4F18-BD41-2C1D65296C96}.Debug|Any CPU.ActiveCfg = Debug|Any CPU
		{0380803A-C243-4F18-BD41-2C1D65296C96}.Debug|Any CPU.Build.0 = Debug|Any CPU
		{0380803A-C243-4F18-BD41-2C1D65296C96}.Debug|x64.ActiveCfg = Debug|Any CPU
		{0380803A-C243-4F18-BD41-2C1D65296C96}.Debug|x64.Build.0 = Debug|Any CPU
		{0380803A-C243-4F18-BD41-2C1D65296C96}.Debug|x86.ActiveCfg = Debug|Any CPU
		{0380803A-C243-4F18-BD41-2C1D65296C96}.Debug|x86.Build.0 = Debug|Any CPU
		{0380803A-C243-4F18-BD41-2C1D65296C96}.Release|Any CPU.ActiveCfg = Release|Any CPU
		{0380803A-C243-4F18-BD41-2C1D65296C96}.Release|Any CPU.Build.0 = Release|Any CPU
		{0380803A-C243-4F18-BD41-2C1D65296C96}.Release|x64.ActiveCfg = Release|Any CPU
		{0380803A-C243-4F18-BD41-2C1D65296C96}.Release|x64.Build.0 = Release|Any CPU
		{0380803A-C243-4F18-BD41-2C1D65296C96}.Release|x86.ActiveCfg = Release|Any CPU
		{0380803A-C243-4F18-BD41-2C1D65296C96}.Release|x86.Build.0 = Release|Any CPU
		{A9942935-3CBF-4CEE-88B7-6EF577F218D3}.Debug|Any CPU.ActiveCfg = Debug|Any CPU
		{A9942935-3CBF-4CEE-88B7-6EF577F218D3}.Debug|Any CPU.Build.0 = Debug|Any CPU
		{A9942935-3CBF-4CEE-88B7-6EF577F218D3}.Debug|x64.ActiveCfg = Debug|Any CPU
		{A9942935-3CBF-4CEE-88B7-6EF577F218D3}.Debug|x64.Build.0 = Debug|Any CPU
		{A9942935-3CBF-4CEE-88B7-6EF577F218D3}.Debug|x86.ActiveCfg = Debug|Any CPU
		{A9942935-3CBF-4CEE-88B7-6EF577F218D3}.Debug|x86.Build.0 = Debug|Any CPU
		{A9942935-3CBF-4CEE-88B7-6EF577F218D3}.Release|Any CPU.ActiveCfg = Release|Any CPU
		{A9942935-3CBF-4CEE-88B7-6EF577F218D3}.Release|Any CPU.Build.0 = Release|Any CPU
		{A9942935-3CBF-4CEE-88B7-6EF577F218D3}.Release|x64.ActiveCfg = Release|Any CPU
		{A9942935-3CBF-4CEE-88B7-6EF577F218D3}.Release|x64.Build.0 = Release|Any CPU
		{A9942935-3CBF-4CEE-88B7-6EF577F218D3}.Release|x86.ActiveCfg = Release|Any CPU
		{A9942935-3CBF-4CEE-88B7-6EF577F218D3}.Release|x86.Build.0 = Release|Any CPU
	EndGlobalSection
	GlobalSection(SolutionProperties) = preSolution
		HideSolutionNode = FALSE
	EndGlobalSection
	GlobalSection(NestedProjects) = preSolution
		{A9942935-3CBF-4CEE-88B7-6EF577F218D3} = {DF4C2EF5-41CB-1C75-A686-226A5244593F}
	EndGlobalSection
EndGlobal
